<?xml version="1.0" encoding="utf-8"?>
<Project ToolsVersion="4.0" xmlns="http://schemas.microsoft.com/developer/msbuild/2003">
  <ItemGroup>
    <Filter Include="Source Files">
      <UniqueIdentifier>{4FC737F1-C7A5-4376-A066-2A32D752A2FF}</UniqueIdentifier>
      <Extensions>cpp;c;cc;cxx;c++;cppm;ixx;def;odl;idl;hpj;bat;asm;asmx</Extensions>
    </Filter>
    <Filter Include="Header Files">
      <UniqueIdentifier>{93995380-89BD-4b04-88EB-625FBE52EBFB}</UniqueIdentifier>
      <Extensions>h;hh;hpp;hxx;h++;hm;inl;inc;ipp;xsd</Extensions>
    </Filter>
    <Filter Include="Resource Files">
      <UniqueIdentifier>{67DA6AB6-F800-4c08-8B7A-83BB121AAD01}</UniqueIdentifier>
      <Extensions>rc;ico;cur;bmp;dlg;rc2;rct;bin;rgs;gif;jpg;jpeg;jpe;resx;tiff;tif;png;wav;mfcribbon-ms</Extensions>
    </Filter>
  </ItemGroup>
  <ItemGroup>
    <ClCompile Include="RADADecoder.cpp">
      <Filter>Source Files</Filter>
    </ClCompile>
    <ClCompile Include="FRadAudioInfo.cpp">
      <Filter>Source Files</Filter>
    </ClCompile>
    <ClCompile Include="SDK\Src\RadAudio\cpux86.cpp">
      <Filter>Source Files</Filter>
    </ClCompile>
    <ClCompile Include="SDK\Src\RadAudio\radaudio_decoder.c">
      <Filter>Source Files</Filter>
    </ClCompile>
    <ClCompile Include="SDK\Src\RadAudio\radaudio_decoder_avx2.c">
      <Filter>Source Files</Filter>
    </ClCompile>
    <ClCompile Include="SDK\Src\RadAudio\radaudio_decoder_neon.c">
      <Filter>Source Files</Filter>
    </ClCompile>
    <ClCompile Include="SDK\Src\RadAudio\radaudio_decoder_sse2.c">
      <Filter>Source Files</Filter>
    </ClCompile>
    <ClCompile Include="SDK\Src\RadAudio\radaudio_decoder_sse4.c">
      <Filter>Source Files</Filter>
    </ClCompile>
    <ClCompile Include="SDK\Src\RadAudio\radaudio_encoder.c">
      <Filter>Source Files</Filter>
    </ClCompile>
    <ClCompile Include="SDK\Src\RadAudio\radaudio_encoder_neon.c">
      <Filter>Source Files</Filter>
    </ClCompile>
    <ClCompile Include="SDK\Src\RadAudio\radaudio_encoder_sse.c">
      <Filter>Source Files</Filter>
    </ClCompile>
    <ClCompile Include="SDK\Src\RadAudio\radaudio_mdct.cpp">
      <Filter>Source Files</Filter>
    </ClCompile>
    <ClCompile Include="SDK\Src\RadAudio\radaudio_mdct_avx2.cpp">
      <Filter>Source Files</Filter>
    </ClCompile>
    <ClCompile Include="SDK\Src\RadAudio\radaudio_mdct_build_tables.cpp">
      <Filter>Source Files</Filter>
    </ClCompile>
    <ClCompile Include="SDK\Src\RadAudio\radaudio_mdct_neon.cpp">
      <Filter>Source Files</Filter>
    </ClCompile>
    <ClCompile Include="SDK\Src\RadAudio\radaudio_mdct_sse2.cpp">
      <Filter>Source Files</Filter>
    </ClCompile>
    <ClCompile Include="SDK\Src\RadAudio\radaudio_mdct_test.cpp">
      <Filter>Source Files</Filter>
    </ClCompile>
    <ClCompile Include="SDK\Src\RadA\rada_decode.cpp">
      <Filter>Source Files</Filter>
    </ClCompile>
    <ClCompile Include="SDK\Src\RadA\rada_encode.cpp">
      <Filter>Source Files</Filter>
    </ClCompile>
  </ItemGroup>
  <ItemGroup>
    <ClInclude Include="FRadAudioInfo.h">
      <Filter>Header Files</Filter>
    </ClInclude>
    <ClInclude Include="FSoundQualityInfo.h">
      <Filter>Header Files</Filter>
    </ClInclude>
    <ClInclude Include="RadAudioDecoderHeader.h">
      <Filter>Header Files</Filter>
    </ClInclude>
    <ClInclude Include="SDK\Include\rada_decode.h">
      <Filter>Header Files</Filter>
    </ClInclude>
    <ClInclude Include="SDK\Include\rada_file_header.h">
      <Filter>Header Files</Filter>
    </ClInclude>
    <ClInclude Include="SDK\Src\RadAudio\cpux86.h">
      <Filter>Header Files</Filter>
    </ClInclude>
    <ClInclude Include="SDK\Src\RadAudio\egttypes.h">
      <Filter>Header Files</Filter>
    </ClInclude>
    <ClInclude Include="SDK\Src\RadAudio\radaudio_common.h">
      <Filter>Header Files</Filter>
    </ClInclude>
    <ClInclude Include="SDK\Src\RadAudio\radaudio_common.inl">
      <Filter>Header Files</Filter>
    </ClInclude>
    <ClInclude Include="SDK\Src\RadAudio\radaudio_data_tables.inl">
      <Filter>Header Files</Filter>
    </ClInclude>
    <ClInclude Include="SDK\Src\RadAudio\radaudio_decoder.h">
      <Filter>Header Files</Filter>
    </ClInclude>
    <ClInclude Include="SDK\Src\RadAudio\radaudio_decoder_avx2.h">
      <Filter>Header Files</Filter>
    </ClInclude>
    <ClInclude Include="SDK\Src\RadAudio\radaudio_decoder_internal.h">
      <Filter>Header Files</Filter>
    </ClInclude>
    <ClInclude Include="SDK\Src\RadAudio\radaudio_decoder_neon.h">
      <Filter>Header Files</Filter>
    </ClInclude>
    <ClInclude Include="SDK\Src\RadAudio\radaudio_decoder_simd_tables.h">
      <Filter>Header Files</Filter>
    </ClInclude>
    <ClInclude Include="SDK\Src\RadAudio\radaudio_decoder_sse2.h">
      <Filter>Header Files</Filter>
    </ClInclude>
    <ClInclude Include="SDK\Src\RadAudio\radaudio_decoder_sse4.h">
      <Filter>Header Files</Filter>
    </ClInclude>
    <ClInclude Include="SDK\Src\RadAudio\radaudio_encoder.h">
      <Filter>Header Files</Filter>
    </ClInclude>
    <ClInclude Include="SDK\Src\RadAudio\radaudio_encoder_internal.h">
      <Filter>Header Files</Filter>
    </ClInclude>
    <ClInclude Include="SDK\Src\RadAudio\radaudio_encoder_neon.h">
      <Filter>Header Files</Filter>
    </ClInclude>
    <ClInclude Include="SDK\Src\RadAudio\radaudio_encoder_sse.h">
      <Filter>Header Files</Filter>
    </ClInclude>
    <ClInclude Include="SDK\Src\RadAudio\radaudio_huffman_tables.inl">
      <Filter>Header Files</Filter>
    </ClInclude>
    <ClInclude Include="SDK\Src\RadAudio\radaudio_mdct.h">
      <Filter>Header Files</Filter>
    </ClInclude>
    <ClInclude Include="SDK\Src\RadAudio\radaudio_mdct_internal.h">
      <Filter>Header Files</Filter>
    </ClInclude>
    <ClInclude Include="SDK\Src\RadAudio\radaudio_mdct_internal.inl">
      <Filter>Header Files</Filter>
    </ClInclude>
    <ClInclude Include="SDK\Src\RadAudio\radaudio_mdct_tables.inl">
      <Filter>Header Files</Filter>
    </ClInclude>
    <ClInclude Include="SDK\Src\RadAudio\radaudio_sse.h">
      <Filter>Header Files</Filter>
    </ClInclude>
    <ClInclude Include="SDK\Src\RadAudio\rrbits.h">
      <Filter>Header Files</Filter>
    </ClInclude>
    <ClInclude Include="SDK\Src\RadAudio\rrCore.h">
      <Filter>Header Files</Filter>
    </ClInclude>
    <ClInclude Include="SDK\Include\rada_encode.h">
      <Filter>Header Files</Filter>
    </ClInclude>
  </ItemGroup>
</Project>